// !$*UTF8*$!
{
	archiveVersion = 1;
	classes = {
	};
	objectVersion = 56;
	objects = {

/* Begin PBXBuildFile section */
		40620C8B29FDB216001EE414 /* Flag_BeeApp.swift in Sources */ = {isa = PBXBuildFile; fileRef = 40620C8A29FDB216001EE414 /* Flag_BeeApp.swift */; };
		40620C8D29FDB216001EE414 /* ContentView.swift in Sources */ = {isa = PBXBuildFile; fileRef = 40620C8C29FDB216001EE414 /* ContentView.swift */; };
		40620C8F29FDB217001EE414 /* Assets.xcassets in Resources */ = {isa = PBXBuildFile; fileRef = 40620C8E29FDB217001EE414 /* Assets.xcassets */; };
		40620C9229FDB217001EE414 /* Preview Assets.xcassets in Resources */ = {isa = PBXBuildFile; fileRef = 40620C9129FDB217001EE414 /* Preview Assets.xcassets */; };
		40620C9C29FDB218001EE414 /* Flag_BeeTests.swift in Sources */ = {isa = PBXBuildFile; fileRef = 40620C9B29FDB218001EE414 /* Flag_BeeTests.swift */; };
		40620CA629FDB218001EE414 /* Flag_BeeUITests.swift in Sources */ = {isa = PBXBuildFile; fileRef = 40620CA529FDB218001EE414 /* Flag_BeeUITests.swift */; };
		40620CA829FDB218001EE414 /* Flag_BeeUITestsLaunchTests.swift in Sources */ = {isa = PBXBuildFile; fileRef = 40620CA729FDB218001EE414 /* Flag_BeeUITestsLaunchTests.swift */; };
/* End PBXBuildFile section */

/* Begin PBXContainerItemProxy section */
		40620C9829FDB218001EE414 /* PBXContainerItemProxy */ = {
			isa = PBXContainerItemProxy;
			containerPortal = 40620C7F29FDB216001EE414 /* Project object */;
			proxyType = 1;
			remoteGlobalIDString = 40620C8629FDB216001EE414;
			remoteInfo = "Flag Bee";
		};
		40620CA229FDB218001EE414 /* PBXContainerItemProxy */ = {
			isa = PBXContainerItemProxy;
			containerPortal = 40620C7F29FDB216001EE414 /* Project object */;
			proxyType = 1;
			remoteGlobalIDString = 40620C8629FDB216001EE414;
			remoteInfo = "Flag Bee";
		};
/* End PBXContainerItemProxy section */

/* Begin PBXFileReference section */
		40620C8729FDB216001EE414 /* Flag Bee.app */ = {isa = PBXFileReference; explicitFileType = wrapper.application; includeInIndex = 0; path = "Flag Bee.app"; sourceTree = BUILT_PRODUCTS_DIR; };
		40620C8A29FDB216001EE414 /* Flag_BeeApp.swift */ = {isa = PBXFileReference; lastKnownFileType = sourcecode.swift; path = Flag_BeeApp.swift; sourceTree = "<group>"; };
		40620C8C29FDB216001EE414 /* ContentView.swift */ = {isa = PBXFileReference; lastKnownFileType = sourcecode.swift; path = ContentView.swift; sourceTree = "<group>"; };
		40620C8E29FDB217001EE414 /* Assets.xcassets */ = {isa = PBXFileReference; lastKnownFileType = folder.assetcatalog; path = Assets.xcassets; sourceTree = "<group>"; };
		40620C9129FDB217001EE414 /* Preview Assets.xcassets */ = {isa = PBXFileReference; lastKnownFileType = folder.assetcatalog; path = "Preview Assets.xcassets"; sourceTree = "<group>"; };
		40620C9729FDB218001EE414 /* Flag BeeTests.xctest */ = {isa = PBXFileReference; explicitFileType = wrapper.cfbundle; includeInIndex = 0; path = "Flag BeeTests.xctest"; sourceTree = BUILT_PRODUCTS_DIR; };
		40620C9B29FDB218001EE414 /* Flag_BeeTests.swift */ = {isa = PBXFileReference; lastKnownFileType = sourcecode.swift; path = Flag_BeeTests.swift; sourceTree = "<group>"; };
		40620CA129FDB218001EE414 /* Flag BeeUITests.xctest */ = {isa = PBXFileReference; explicitFileType = wrapper.cfbundle; includeInIndex = 0; path = "Flag BeeUITests.xctest"; sourceTree = BUILT_PRODUCTS_DIR; };
		40620CA529FDB218001EE414 /* Flag_BeeUITests.swift */ = {isa = PBXFileReference; lastKnownFileType = sourcecode.swift; path = Flag_BeeUITests.swift; sourceTree = "<group>"; };
		40620CA729FDB218001EE414 /* Flag_BeeUITestsLaunchTests.swift */ = {isa = PBXFileReference; lastKnownFileType = sourcecode.swift; path = Flag_BeeUITestsLaunchTests.swift; sourceTree = "<group>"; };
/* End PBXFileReference section */

/* Begin PBXFrameworksBuildPhase section */
		40620C8429FDB216001EE414 /* Frameworks */ = {
			isa = PBXFrameworksBuildPhase;
			buildActionMask = 2147483647;
			files = (
			);
			runOnlyForDeploymentPostprocessing = 0;
		};
		40620C9429FDB218001EE414 /* Frameworks */ = {
			isa = PBXFrameworksBuildPhase;
			buildActionMask = 2147483647;
			files = (
			);
			runOnlyForDeploymentPostprocessing = 0;
		};
		40620C9E29FDB218001EE414 /* Frameworks */ = {
			isa = PBXFrameworksBuildPhase;
			buildActionMask = 2147483647;
			files = (
			);
			runOnlyForDeploymentPostprocessing = 0;
		};
/* End PBXFrameworksBuildPhase section */

/* Begin PBXGroup section */
		40620C7E29FDB216001EE414 = {
			isa = PBXGroup;
			children = (
				40620C8929FDB216001EE414 /* Flag Bee */,
				40620C9A29FDB218001EE414 /* Flag BeeTests */,
				40620CA429FDB218001EE414 /* Flag BeeUITests */,
				40620C8829FDB216001EE414 /* Products */,
			);
			sourceTree = "<group>";
		};
		40620C8829FDB216001EE414 /* Products */ = {
			isa = PBXGroup;
			children = (
				40620C8729FDB216001EE414 /* Flag Bee.app */,
				40620C9729FDB218001EE414 /* Flag BeeTests.xctest */,
				40620CA129FDB218001EE414 /* Flag BeeUITests.xctest */,
			);
			name = Products;
			sourceTree = "<group>";
		};
		40620C8929FDB216001EE414 /* Flag Bee */ = {
			isa = PBXGroup;
			children = (
				40620C8A29FDB216001EE414 /* Flag_BeeApp.swift */,
				40620C8C29FDB216001EE414 /* ContentView.swift */,
				40620C8E29FDB217001EE414 /* Assets.xcassets */,
				40620C9029FDB217001EE414 /* Preview Content */,
			);
			path = "Flag Bee";
			sourceTree = "<group>";
		};
		40620C9029FDB217001EE414 /* Preview Content */ = {
			isa = PBXGroup;
			children = (
				40620C9129FDB217001EE414 /* Preview Assets.xcassets */,
			);
			path = "Preview Content";
			sourceTree = "<group>";
		};
		40620C9A29FDB218001EE414 /* Flag BeeTests */ = {
			isa = PBXGroup;
			children = (
				40620C9B29FDB218001EE414 /* Flag_BeeTests.swift */,
			);
			path = "Flag BeeTests";
			sourceTree = "<group>";
		};
		40620CA429FDB218001EE414 /* Flag BeeUITests */ = {
			isa = PBXGroup;
			children = (
				40620CA529FDB218001EE414 /* Flag_BeeUITests.swift */,
				40620CA729FDB218001EE414 /* Flag_BeeUITestsLaunchTests.swift */,
			);
			path = "Flag BeeUITests";
			sourceTree = "<group>";
		};
/* End PBXGroup section */

/* Begin PBXNativeTarget section */
		40620C8629FDB216001EE414 /* Flag Bee */ = {
			isa = PBXNativeTarget;
			buildConfigurationList = 40620CAB29FDB218001EE414 /* Build configuration list for PBXNativeTarget "Flag Bee" */;
			buildPhases = (
				40620C8329FDB216001EE414 /* Sources */,
				40620C8429FDB216001EE414 /* Frameworks */,
				40620C8529FDB216001EE414 /* Resources */,
			);
			buildRules = (
			);
			dependencies = (
			);
			name = "Flag Bee";
			productName = "Flag Bee";
			productReference = 40620C8729FDB216001EE414 /* Flag Bee.app */;
			productType = "com.apple.product-type.application";
		};
		40620C9629FDB218001EE414 /* Flag BeeTests */ = {
			isa = PBXNativeTarget;
			buildConfigurationList = 40620CAE29FDB218001EE414 /* Build configuration list for PBXNativeTarget "Flag BeeTests" */;
			buildPhases = (
				40620C9329FDB218001EE414 /* Sources */,
				40620C9429FDB218001EE414 /* Frameworks */,
				40620C9529FDB218001EE414 /* Resources */,
			);
			buildRules = (
			);
			dependencies = (
				40620C9929FDB218001EE414 /* PBXTargetDependency */,
			);
			name = "Flag BeeTests";
			productName = "Flag BeeTests";
			productReference = 40620C9729FDB218001EE414 /* Flag BeeTests.xctest */;
			productType = "com.apple.product-type.bundle.unit-test";
		};
		40620CA029FDB218001EE414 /* Flag BeeUITests */ = {
			isa = PBXNativeTarget;
			buildConfigurationList = 40620CB129FDB218001EE414 /* Build configuration list for PBXNativeTarget "Flag BeeUITests" */;
			buildPhases = (
				40620C9D29FDB218001EE414 /* Sources */,
				40620C9E29FDB218001EE414 /* Frameworks */,
				40620C9F29FDB218001EE414 /* Resources */,
			);
			buildRules = (
			);
			dependencies = (
				40620CA329FDB218001EE414 /* PBXTargetDependency */,
			);
			name = "Flag BeeUITests";
			productName = "Flag BeeUITests";
			productReference = 40620CA129FDB218001EE414 /* Flag BeeUITests.xctest */;
			productType = "com.apple.product-type.bundle.ui-testing";
		};
/* End PBXNativeTarget section */

/* Begin PBXProject section */
		40620C7F29FDB216001EE414 /* Project object */ = {
			isa = PBXProject;
			attributes = {
				BuildIndependentTargetsInParallel = 1;
				LastSwiftUpdateCheck = 1430;
				LastUpgradeCheck = 1430;
				TargetAttributes = {
					40620C8629FDB216001EE414 = {
						CreatedOnToolsVersion = 14.3;
					};
					40620C9629FDB218001EE414 = {
						CreatedOnToolsVersion = 14.3;
						TestTargetID = 40620C8629FDB216001EE414;
					};
					40620CA029FDB218001EE414 = {
						CreatedOnToolsVersion = 14.3;
						TestTargetID = 40620C8629FDB216001EE414;
					};
				};
			};
			buildConfigurationList = 40620C8229FDB216001EE414 /* Build configuration list for PBXProject "Flag Bee" */;
			compatibilityVersion = "Xcode 14.0";
			developmentRegion = en;
			hasScannedForEncodings = 0;
			knownRegions = (
				en,
				Base,
			);
			mainGroup = 40620C7E29FDB216001EE414;
			productRefGroup = 40620C8829FDB216001EE414 /* Products */;
			projectDirPath = "";
			projectRoot = "";
			targets = (
				40620C8629FDB216001EE414 /* Flag Bee */,
				40620C9629FDB218001EE414 /* Flag BeeTests */,
				40620CA029FDB218001EE414 /* Flag BeeUITests */,
			);
		};
/* End PBXProject section */

/* Begin PBXResourcesBuildPhase section */
		40620C8529FDB216001EE414 /* Resources */ = {
			isa = PBXResourcesBuildPhase;
			buildActionMask = 2147483647;
			files = (
				40620C9229FDB217001EE414 /* Preview Assets.xcassets in Resources */,
				40620C8F29FDB217001EE414 /* Assets.xcassets in Resources */,
			);
			runOnlyForDeploymentPostprocessing = 0;
		};
		40620C9529FDB218001EE414 /* Resources */ = {
			isa = PBXResourcesBuildPhase;
			buildActionMask = 2147483647;
			files = (
			);
			runOnlyForDeploymentPostprocessing = 0;
		};
		40620C9F29FDB218001EE414 /* Resources */ = {
			isa = PBXResourcesBuildPhase;
			buildActionMask = 2147483647;
			files = (
			);
			runOnlyForDeploymentPostprocessing = 0;
		};
/* End PBXResourcesBuildPhase section */

/* Begin PBXSourcesBuildPhase section */
		40620C8329FDB216001EE414 /* Sources */ = {
			isa = PBXSourcesBuildPhase;
			buildActionMask = 2147483647;
			files = (
				40620C8D29FDB216001EE414 /* ContentView.swift in Sources */,
				40620C8B29FDB216001EE414 /* Flag_BeeApp.swift in Sources */,
			);
			runOnlyForDeploymentPostprocessing = 0;
		};
		40620C9329FDB218001EE414 /* Sources */ = {
			isa = PBXSourcesBuildPhase;
			buildActionMask = 2147483647;
			files = (
				40620C9C29FDB218001EE414 /* Flag_BeeTests.swift in Sources */,
			);
			runOnlyForDeploymentPostprocessing = 0;
		};
		40620C9D29FDB218001EE414 /* Sources */ = {
			isa = PBXSourcesBuildPhase;
			buildActionMask = 2147483647;
			files = (
				40620CA829FDB218001EE414 /* Flag_BeeUITestsLaunchTests.swift in Sources */,
				40620CA629FDB218001EE414 /* Flag_BeeUITests.swift in Sources */,
			);
			runOnlyForDeploymentPostprocessing = 0;
		};
/* End PBXSourcesBuildPhase section */

/* Begin PBXTargetDependency section */
		40620C9929FDB218001EE414 /* PBXTargetDependency */ = {
			isa = PBXTargetDependency;
			target = 40620C8629FDB216001EE414 /* Flag Bee */;
			targetProxy = 40620C9829FDB218001EE414 /* PBXContainerItemProxy */;
		};
		40620CA329FDB218001EE414 /* PBXTargetDependency */ = {
			isa = PBXTargetDependency;
			target = 40620C8629FDB216001EE414 /* Flag Bee */;
			targetProxy = 40620CA229FDB218001EE414 /* PBXContainerItemProxy */;
		};
/* End PBXTargetDependency section */

/* Begin XCBuildConfiguration section */
		40620CA929FDB218001EE414 /* Debug */ = {
			isa = XCBuildConfiguration;
			buildSettings = {
				ALWAYS_SEARCH_USER_PATHS = NO;
				CLANG_ANALYZER_NONNULL = YES;
				CLANG_ANALYZER_NUMBER_OBJECT_CONVERSION = YES_AGGRESSIVE;
				CLANG_CXX_LANGUAGE_STANDARD = "gnu++20";
				CLANG_ENABLE_MODULES = YES;
				CLANG_ENABLE_OBJC_ARC = YES;
				CLANG_ENABLE_OBJC_WEAK = YES;
				CLANG_WARN_BLOCK_CAPTURE_AUTORELEASING = YES;
				CLANG_WARN_BOOL_CONVERSION = YES;
				CLANG_WARN_COMMA = YES;
				CLANG_WARN_CONSTANT_CONVERSION = YES;
				CLANG_WARN_DEPRECATED_OBJC_IMPLEMENTATIONS = YES;
				CLANG_WARN_DIRECT_OBJC_ISA_USAGE = YES_ERROR;
				CLANG_WARN_DOCUMENTATION_COMMENTS = YES;
				CLANG_WARN_EMPTY_BODY = YES;
				CLANG_WARN_ENUM_CONVERSION = YES;
				CLANG_WARN_INFINITE_RECURSION = YES;
				CLANG_WARN_INT_CONVERSION = YES;
				CLANG_WARN_NON_LITERAL_NULL_CONVERSION = YES;
				CLANG_WARN_OBJC_IMPLICIT_RETAIN_SELF = YES;
				CLANG_WARN_OBJC_LITERAL_CONVERSION = YES;
				CLANG_WARN_OBJC_ROOT_CLASS = YES_ERROR;
				CLANG_WARN_QUOTED_INCLUDE_IN_FRAMEWORK_HEADER = YES;
				CLANG_WARN_RANGE_LOOP_ANALYSIS = YES;
				CLANG_WARN_STRICT_PROTOTYPES = YES;
				CLANG_WARN_SUSPICIOUS_MOVE = YES;
				CLANG_WARN_UNGUARDED_AVAILABILITY = YES_AGGRESSIVE;
				CLANG_WARN_UNREACHABLE_CODE = YES;
				CLANG_WARN__DUPLICATE_METHOD_MATCH = YES;
				COPY_PHASE_STRIP = NO;
				DEBUG_INFORMATION_FORMAT = dwarf;
				ENABLE_STRICT_OBJC_MSGSEND = YES;
				ENABLE_TESTABILITY = YES;
				GCC_C_LANGUAGE_STANDARD = gnu11;
				GCC_DYNAMIC_NO_PIC = NO;
				GCC_NO_COMMON_BLOCKS = YES;
				GCC_OPTIMIZATION_LEVEL = 0;
				GCC_PREPROCESSOR_DEFINITIONS = (
					"DEBUG=1",
					"$(inherited)",
				);
				GCC_WARN_64_TO_32_BIT_CONVERSION = YES;
				GCC_WARN_ABOUT_RETURN_TYPE = YES_ERROR;
				GCC_WARN_UNDECLARED_SELECTOR = YES;
				GCC_WARN_UNINITIALIZED_AUTOS = YES_AGGRESSIVE;
				GCC_WARN_UNUSED_FUNCTION = YES;
				GCC_WARN_UNUSED_VARIABLE = YES;
				IPHONEOS_DEPLOYMENT_TARGET = 16.4;
				MTL_ENABLE_DEBUG_INFO = INCLUDE_SOURCE;
				MTL_FAST_MATH = YES;
				ONLY_ACTIVE_ARCH = YES;
				SDKROOT = iphoneos;
				SWIFT_ACTIVE_COMPILATION_CONDITIONS = DEBUG;
				SWIFT_OPTIMIZATION_LEVEL = "-Onone";
			};
			name = Debug;
		};
		40620CAA29FDB218001EE414 /* Release */ = {
			isa = XCBuildConfiguration;
			buildSettings = {
				ALWAYS_SEARCH_USER_PATHS = NO;
				CLANG_ANALYZER_NONNULL = YES;
				CLANG_ANALYZER_NUMBER_OBJECT_CONVERSION = YES_AGGRESSIVE;
				CLANG_CXX_LANGUAGE_STANDARD = "gnu++20";
				CLANG_ENABLE_MODULES = YES;
				CLANG_ENABLE_OBJC_ARC = YES;
				CLANG_ENABLE_OBJC_WEAK = YES;
				CLANG_WARN_BLOCK_CAPTURE_AUTORELEASING = YES;
				CLANG_WARN_BOOL_CONVERSION = YES;
				CLANG_WARN_COMMA = YES;
				CLANG_WARN_CONSTANT_CONVERSION = YES;
				CLANG_WARN_DEPRECATED_OBJC_IMPLEMENTATIONS = YES;
				CLANG_WARN_DIRECT_OBJC_ISA_USAGE = YES_ERROR;
				CLANG_WARN_DOCUMENTATION_COMMENTS = YES;
				CLANG_WARN_EMPTY_BODY = YES;
				CLANG_WARN_ENUM_CONVERSION = YES;
				CLANG_WARN_INFINITE_RECURSION = YES;
				CLANG_WARN_INT_CONVERSION = YES;
				CLANG_WARN_NON_LITERAL_NULL_CONVERSION = YES;
				CLANG_WARN_OBJC_IMPLICIT_RETAIN_SELF = YES;
				CLANG_WARN_OBJC_LITERAL_CONVERSION = YES;
				CLANG_WARN_OBJC_ROOT_CLASS = YES_ERROR;
				CLANG_WARN_QUOTED_INCLUDE_IN_FRAMEWORK_HEADER = YES;
				CLANG_WARN_RANGE_LOOP_ANALYSIS = YES;
				CLANG_WARN_STRICT_PROTOTYPES = YES;
				CLANG_WARN_SUSPICIOUS_MOVE = YES;
				CLANG_WARN_UNGUARDED_AVAILABILITY = YES_AGGRESSIVE;
				CLANG_WARN_UNREACHABLE_CODE = YES;
				CLANG_WARN__DUPLICATE_METHOD_MATCH = YES;
				COPY_PHASE_STRIP = NO;
				DEBUG_INFORMATION_FORMAT = "dwarf-with-dsym";
				ENABLE_NS_ASSERTIONS = NO;
				ENABLE_STRICT_OBJC_MSGSEND = YES;
				GCC_C_LANGUAGE_STANDARD = gnu11;
				GCC_NO_COMMON_BLOCKS = YES;
				GCC_WARN_64_TO_32_BIT_CONVERSION = YES;
				GCC_WARN_ABOUT_RETURN_TYPE = YES_ERROR;
				GCC_WARN_UNDECLARED_SELECTOR = YES;
				GCC_WARN_UNINITIALIZED_AUTOS = YES_AGGRESSIVE;
				GCC_WARN_UNUSED_FUNCTION = YES;
				GCC_WARN_UNUSED_VARIABLE = YES;
				IPHONEOS_DEPLOYMENT_TARGET = 16.4;
				MTL_ENABLE_DEBUG_INFO = NO;
				MTL_FAST_MATH = YES;
				SDKROOT = iphoneos;
				SWIFT_COMPILATION_MODE = wholemodule;
				SWIFT_OPTIMIZATION_LEVEL = "-O";
				VALIDATE_PRODUCT = YES;
			};
			name = Release;
		};
		40620CAC29FDB218001EE414 /* Debug */ = {
			isa = XCBuildConfiguration;
			buildSettings = {
				ASSETCATALOG_COMPILER_APPICON_NAME = AppIcon;
				ASSETCATALOG_COMPILER_GLOBAL_ACCENT_COLOR_NAME = AccentColor;
				CODE_SIGN_STYLE = Automatic;
				CURRENT_PROJECT_VERSION = 1;
				DEVELOPMENT_ASSET_PATHS = "\"Flag Bee/Preview Content\"";
				DEVELOPMENT_TEAM = D5M38GX662;
				ENABLE_PREVIEWS = YES;
				GENERATE_INFOPLIST_FILE = YES;
				INFOPLIST_KEY_UIApplicationSceneManifest_Generation = YES;
				INFOPLIST_KEY_UIApplicationSupportsIndirectInputEvents = YES;
				INFOPLIST_KEY_UILaunchScreen_Generation = YES;
				INFOPLIST_KEY_UISupportedInterfaceOrientations_iPad = "UIInterfaceOrientationPortrait UIInterfaceOrientationPortraitUpsideDown UIInterfaceOrientationLandscapeLeft UIInterfaceOrientationLandscapeRight";
				INFOPLIST_KEY_UISupportedInterfaceOrientations_iPhone = "UIInterfaceOrientationPortrait UIInterfaceOrientationLandscapeLeft UIInterfaceOrientationLandscapeRight";
				LD_RUNPATH_SEARCH_PATHS = (
					"$(inherited)",
					"@executable_path/Frameworks",
				);
				MARKETING_VERSION = 1.0;
				PRODUCT_BUNDLE_IDENTIFIER = "com.pravalappdev.Flag-Bee";
				PRODUCT_NAME = "$(TARGET_NAME)";
				SWIFT_EMIT_LOC_STRINGS = YES;
				SWIFT_VERSION = 5.0;
				TARGETED_DEVICE_FAMILY = "1,2";
			};
			name = Debug;
		};
		40620CAD29FDB218001EE414 /* Release */ = {
			isa = XCBuildConfiguration;
			buildSettings = {
				ASSETCATALOG_COMPILER_APPICON_NAME = AppIcon;
				ASSETCATALOG_COMPILER_GLOBAL_ACCENT_COLOR_NAME = AccentColor;
				CODE_SIGN_STYLE = Automatic;
				CURRENT_PROJECT_VERSION = 1;
				DEVELOPMENT_ASSET_PATHS = "\"Flag Bee/Preview Content\"";
				DEVELOPMENT_TEAM = D5M38GX662;
				ENABLE_PREVIEWS = YES;
				GENERATE_INFOPLIST_FILE = YES;
				INFOPLIST_KEY_UIApplicationSceneManifest_Generation = YES;
				INFOPLIST_KEY_UIApplicationSupportsIndirectInputEvents = YES;
				INFOPLIST_KEY_UILaunchScreen_Generation = YES;
				INFOPLIST_KEY_UISupportedInterfaceOrientations_iPad = "UIInterfaceOrientationPortrait UIInterfaceOrientationPortraitUpsideDown UIInterfaceOrientationLandscapeLeft UIInterfaceOrientationLandscapeRight";
				INFOPLIST_KEY_UISupportedInterfaceOrientations_iPhone = "UIInterfaceOrientationPortrait UIInterfaceOrientationLandscapeLeft UIInterfaceOrientationLandscapeRight";
				LD_RUNPATH_SEARCH_PATHS = (
					"$(inherited)",
					"@executable_path/Frameworks",
				);
				MARKETING_VERSION = 1.0;
				PRODUCT_BUNDLE_IDENTIFIER = "com.pravalappdev.Flag-Bee";
				PRODUCT_NAME = "$(TARGET_NAME)";
				SWIFT_EMIT_LOC_STRINGS = YES;
				SWIFT_VERSION = 5.0;
				TARGETED_DEVICE_FAMILY = "1,2";
			};
			name = Release;
		};
		40620CAF29FDB218001EE414 /* Debug */ = {
			isa = XCBuildConfiguration;
			buildSettings = {
				ALWAYS_EMBED_SWIFT_STANDARD_LIBRARIES = YES;
				BUNDLE_LOADER = "$(TEST_HOST)";
				CODE_SIGN_STYLE = Automatic;
				CURRENT_PROJECT_VERSION = 1;
				DEVELOPMENT_TEAM = D5M38GX662;
				GENERATE_INFOPLIST_FILE = YES;
				IPHONEOS_DEPLOYMENT_TARGET = 16.4;
				MARKETING_VERSION = 1.0;
				PRODUCT_BUNDLE_IDENTIFIER = "com.pravalappdev.Flag-BeeTests";
				PRODUCT_NAME = "$(TARGET_NAME)";
				SWIFT_EMIT_LOC_STRINGS = NO;
				SWIFT_VERSION = 5.0;
				TARGETED_DEVICE_FAMILY = "1,2";
				TEST_HOST = "$(BUILT_PRODUCTS_DIR)/Flag Bee.app/$(BUNDLE_EXECUTABLE_FOLDER_PATH)/Flag Bee";
			};
			name = Debug;
		};
		40620CB029FDB218001EE414 /* Release */ = {
			isa = XCBuildConfiguration;
			buildSettings = {
				ALWAYS_EMBED_SWIFT_STANDARD_LIBRARIES = YES;
				BUNDLE_LOADER = "$(TEST_HOST)";
				CODE_SIGN_STYLE = Automatic;
				CURRENT_PROJECT_VERSION = 1;
				DEVELOPMENT_TEAM = D5M38GX662;
				GENERATE_INFOPLIST_FILE = YES;
				IPHONEOS_DEPLOYMENT_TARGET = 16.4;
				MARKETING_VERSION = 1.0;
				PRODUCT_BUNDLE_IDENTIFIER = "com.pravalappdev.Flag-BeeTests";
				PRODUCT_NAME = "$(TARGET_NAME)";
				SWIFT_EMIT_LOC_STRINGS = NO;
				SWIFT_VERSION = 5.0;
				TARGETED_DEVICE_FAMILY = "1,2";
				TEST_HOST = "$(BUILT_PRODUCTS_DIR)/Flag Bee.app/$(BUNDLE_EXECUTABLE_FOLDER_PATH)/Flag Bee";
			};
			name = Release;
		};
		40620CB229FDB218001EE414 /* Debug */ = {
			isa = XCBuildConfiguration;
			buildSettings = {
				ALWAYS_EMBED_SWIFT_STANDARD_LIBRARIES = YES;
				CODE_SIGN_STYLE = Automatic;
				CURRENT_PROJECT_VERSION = 1;
				DEVELOPMENT_TEAM = D5M38GX662;
				GENERATE_INFOPLIST_FILE = YES;
				MARKETING_VERSION = 1.0;
				PRODUCT_BUNDLE_IDENTIFIER = "com.pravalappdev.Flag-BeeUITests";
				PRODUCT_NAME = "$(TARGET_NAME)";
				SWIFT_EMIT_LOC_STRINGS = NO;
				SWIFT_VERSION = 5.0;
				TARGETED_DEVICE_FAMILY = "1,2";
				TEST_TARGET_NAME = "Flag Bee";
			};
			name = Debug;
		};
		40620CB329FDB218001EE414 /* Release */ = {
			isa = XCBuildConfiguration;
			buildSettings = {
				ALWAYS_EMBED_SWIFT_STANDARD_LIBRARIES = YES;
				CODE_SIGN_STYLE = Automatic;
				CURRENT_PROJECT_VERSION = 1;
				DEVELOPMENT_TEAM = D5M38GX662;
				GENERATE_INFOPLIST_FILE = YES;
				MARKETING_VERSION = 1.0;
				PRODUCT_BUNDLE_IDENTIFIER = "com.pravalappdev.Flag-BeeUITests";
				PRODUCT_NAME = "$(TARGET_NAME)";
				SWIFT_EMIT_LOC_STRINGS = NO;
				SWIFT_VERSION = 5.0;
				TARGETED_DEVICE_FAMILY = "1,2";
				TEST_TARGET_NAME = "Flag Bee";
			};
			name = Release;
		};
/* End XCBuildConfiguration section */

/* Begin XCConfigurationList section */
		40620C8229FDB216001EE414 /* Build configuration list for PBXProject "Flag Bee" */ = {
			isa = XCConfigurationList;
			buildConfigurations = (
				40620CA929FDB218001EE414 /* Debug */,
				40620CAA29FDB218001EE414 /* Release */,
			);
			defaultConfigurationIsVisible = 0;
			defaultConfigurationName = Release;
		};
		40620CAB29FDB218001EE414 /* Build configuration list for PBXNativeTarget "Flag Bee" */ = {
			isa = XCConfigurationList;
			buildConfigurations = (
				40620CAC29FDB218001EE414 /* Debug */,
				40620CAD29FDB218001EE414 /* Release */,
			);
			defaultConfigurationIsVisible = 0;
			defaultConfigurationName = Release;
		};
		40620CAE29FDB218001EE414 /* Build configuration list for PBXNativeTarget "Flag BeeTests" */ = {
			isa = XCConfigurationList;
			buildConfigurations = (
				40620CAF29FDB218001EE414 /* Debug */,
				40620CB029FDB218001EE414 /* Release */,
			);
			defaultConfigurationIsVisible = 0;
			defaultConfigurationName = Release;
		};
		40620CB129FDB218001EE414 /* Build configuration list for PBXNativeTarget "Flag BeeUITests" */ = {
			isa = XCConfigurationList;
			buildConfigurations = (
				40620CB229FDB218001EE414 /* Debug */,
				40620CB329FDB218001EE414 /* Release */,
			);
			defaultConfigurationIsVisible = 0;
			defaultConfigurationName = Release;
		};
/* End XCConfigurationList section */
	};
	rootObject = 40620C7F29FDB216001EE414 /* Project object */;
}
